
Microsoft Visual Studio Solution File, Format Version 12.00
# Visual Studio Version 17
VisualStudioVersion = 17.9.34616.47
MinimumVisualStudioVersion = 10.0.40219.1
Project("{FAE04EC0-301F-11D3-BF4B-00C04F79EFBC}") = "EShopApi", "EShopApi\EShopApi.csproj", "{4BFA13F9-7B39-4C7D-AB6E-BDF6AB776E7B}"
EndProject
Global
	GlobalSection(SolutionConfigurationPlatforms) = preSolution
		Debug|Any CPU = Debug|Any CPU
		Release|Any CPU = Release|Any CPU
	EndGlobalSection
	GlobalSection(ProjectConfigurationPlatforms) = postSolution
		{4BFA13F9-7B39-4C7D-AB6E-BDF6AB776E7B}.Debug|Any CPU.ActiveCfg = Debug|Any CPU
		{4BFA13F9-7B39-4C7D-AB6E-BDF6AB776E7B}.Debug|Any CPU.Build.0 = Debug|Any CPU
		{4BFA13F9-7B39-4C7D-AB6E-BDF6AB776E7B}.Release|Any CPU.ActiveCfg = Release|Any CPU
		{4BFA13F9-7B39-4C7D-AB6E-BDF6AB776E7B}.Release|Any CPU.Build.0 = Release|Any CPU
	EndGlobalSection
	GlobalSection(SolutionProperties) = preSolution
		HideSolutionNode = FALSE
	EndGlobalSection
	GlobalSection(ExtensibilityGlobals) = postSolution
		SolutionGuid = {6A8EEFAA-52F7-4782-A2A3-B52E570957F1}
	EndGlobalSection
EndGlobal
